// !$*UTF8*$!
{
	archiveVersion = 1;
	classes = {
	};
	objectVersion = 50;
	objects = {

/* Begin PBXBuildFile section */
		3E5FEB4324D8EBC300C238E5 /* AppDelegate.swift in Sources */ = {isa = PBXBuildFile; fileRef = 3E5FEB4224D8EBC300C238E5 /* AppDelegate.swift */; };
		3E5FEB4524D8EBC300C238E5 /* SceneDelegate.swift in Sources */ = {isa = PBXBuildFile; fileRef = 3E5FEB4424D8EBC300C238E5 /* SceneDelegate.swift */; };
		3E5FEB4724D8EBC300C238E5 /* ViewController.swift in Sources */ = {isa = PBXBuildFile; fileRef = 3E5FEB4624D8EBC300C238E5 /* ViewController.swift */; };
		3E5FEB4A24D8EBC300C238E5 /* Main.storyboard in Resources */ = {isa = PBXBuildFile; fileRef = 3E5FEB4824D8EBC300C238E5 /* Main.storyboard */; };
		3E5FEB4C24D8EBC600C238E5 /* Assets.xcassets in Resources */ = {isa = PBXBuildFile; fileRef = 3E5FEB4B24D8EBC600C238E5 /* Assets.xcassets */; };
		3E5FEB4F24D8EBC600C238E5 /* LaunchScreen.storyboard in Resources */ = {isa = PBXBuildFile; fileRef = 3E5FEB4D24D8EBC600C238E5 /* LaunchScreen.storyboard */; };
		3E5FEB5724D8EBFC00C238E5 /* presidents.json in Resources */ = {isa = PBXBuildFile; fileRef = 3E5FEB5624D8EBFC00C238E5 /* presidents.json */; };
		3E5FEB5924D8EC7B00C238E5 /* President.swift in Sources */ = {isa = PBXBuildFile; fileRef = 3E5FEB5824D8EC7B00C238E5 /* President.swift */; };
		3E5FEB6124D8EDEE00C238E5 /* Parsing_JSON_Using_BundleTests.swift in Sources */ = {isa = PBXBuildFile; fileRef = 3E5FEB6024D8EDEE00C238E5 /* Parsing_JSON_Using_BundleTests.swift */; };
		3E5FEB6924D8F2E000C238E5 /* Bundle+ParsingJSON.swift in Sources */ = {isa = PBXBuildFile; fileRef = 3E5FEB6824D8F2E000C238E5 /* Bundle+ParsingJSON.swift */; };
/* End PBXBuildFile section */

/* Begin PBXContainerItemProxy section */
		3E5FEB6324D8EDEE00C238E5 /* PBXContainerItemProxy */ = {
			isa = PBXContainerItemProxy;
			containerPortal = 3E5FEB3724D8EBC200C238E5 /* Project object */;
			proxyType = 1;
			remoteGlobalIDString = 3E5FEB3E24D8EBC300C238E5;
			remoteInfo = "Parsing-JSON-Using-Bundle";
		};
/* End PBXContainerItemProxy section */

/* Begin PBXFileReference section */
		3E5FEB3F24D8EBC300C238E5 /* Parsing-JSON-Using-Bundle.app */ = {isa = PBXFileReference; explicitFileType = wrapper.application; includeInIndex = 0; path = "Parsing-JSON-Using-Bundle.app"; sourceTree = BUILT_PRODUCTS_DIR; };
		3E5FEB4224D8EBC300C238E5 /* AppDelegate.swift */ = {isa = PBXFileReference; lastKnownFileType = sourcecode.swift; path = AppDelegate.swift; sourceTree = "<group>"; };
		3E5FEB4424D8EBC300C238E5 /* SceneDelegate.swift */ = {isa = PBXFileReference; lastKnownFileType = sourcecode.swift; path = SceneDelegate.swift; sourceTree = "<group>"; };
		3E5FEB4624D8EBC300C238E5 /* ViewController.swift */ = {isa = PBXFileReference; lastKnownFileType = sourcecode.swift; path = ViewController.swift; sourceTree = "<group>"; };
		3E5FEB4924D8EBC300C238E5 /* Base */ = {isa = PBXFileReference; lastKnownFileType = file.storyboard; name = Base; path = Base.lproj/Main.storyboard; sourceTree = "<group>"; };
		3E5FEB4B24D8EBC600C238E5 /* Assets.xcassets */ = {isa = PBXFileReference; lastKnownFileType = folder.assetcatalog; path = Assets.xcassets; sourceTree = "<group>"; };
		3E5FEB4E24D8EBC600C238E5 /* Base */ = {isa = PBXFileReference; lastKnownFileType = file.storyboard; name = Base; path = Base.lproj/LaunchScreen.storyboard; sourceTree = "<group>"; };
		3E5FEB5024D8EBC600C238E5 /* Info.plist */ = {isa = PBXFileReference; lastKnownFileType = text.plist.xml; path = Info.plist; sourceTree = "<group>"; };
		3E5FEB5624D8EBFC00C238E5 /* presidents.json */ = {isa = PBXFileReference; lastKnownFileType = text.json; path = presidents.json; sourceTree = "<group>"; };
		3E5FEB5824D8EC7B00C238E5 /* President.swift */ = {isa = PBXFileReference; lastKnownFileType = sourcecode.swift; path = President.swift; sourceTree = "<group>"; };
		3E5FEB5E24D8EDED00C238E5 /* Parsing-JSON-Using-BundleTests.xctest */ = {isa = PBXFileReference; explicitFileType = wrapper.cfbundle; includeInIndex = 0; path = "Parsing-JSON-Using-BundleTests.xctest"; sourceTree = BUILT_PRODUCTS_DIR; };
		3E5FEB6024D8EDEE00C238E5 /* Parsing_JSON_Using_BundleTests.swift */ = {isa = PBXFileReference; lastKnownFileType = sourcecode.swift; path = Parsing_JSON_Using_BundleTests.swift; sourceTree = "<group>"; };
		3E5FEB6224D8EDEE00C238E5 /* Info.plist */ = {isa = PBXFileReference; lastKnownFileType = text.plist.xml; path = Info.plist; sourceTree = "<group>"; };
		3E5FEB6824D8F2E000C238E5 /* Bundle+ParsingJSON.swift */ = {isa = PBXFileReference; lastKnownFileType = sourcecode.swift; path = "Bundle+ParsingJSON.swift"; sourceTree = "<group>"; };
/* End PBXFileReference section */

/* Begin PBXFrameworksBuildPhase section */
		3E5FEB3C24D8EBC300C238E5 /* Frameworks */ = {
			isa = PBXFrameworksBuildPhase;
			buildActionMask = 2147483647;
			files = (
			);
			runOnlyForDeploymentPostprocessing = 0;
		};
		3E5FEB5B24D8EDED00C238E5 /* Frameworks */ = {
			isa = PBXFrameworksBuildPhase;
			buildActionMask = 2147483647;
			files = (
			);
			runOnlyForDeploymentPostprocessing = 0;
		};
/* End PBXFrameworksBuildPhase section */

/* Begin PBXGroup section */
		3E5FEB3624D8EBC200C238E5 = {
			isa = PBXGroup;
			children = (
				3E5FEB4124D8EBC300C238E5 /* Parsing-JSON-Using-Bundle */,
				3E5FEB5F24D8EDEE00C238E5 /* Parsing-JSON-Using-BundleTests */,
				3E5FEB4024D8EBC300C238E5 /* Products */,
			);
			sourceTree = "<group>";
		};
		3E5FEB4024D8EBC300C238E5 /* Products */ = {
			isa = PBXGroup;
			children = (
				3E5FEB3F24D8EBC300C238E5 /* Parsing-JSON-Using-Bundle.app */,
				3E5FEB5E24D8EDED00C238E5 /* Parsing-JSON-Using-BundleTests.xctest */,
			);
			name = Products;
			sourceTree = "<group>";
		};
		3E5FEB4124D8EBC300C238E5 /* Parsing-JSON-Using-Bundle */ = {
			isa = PBXGroup;
			children = (
				3E5FEB4224D8EBC300C238E5 /* AppDelegate.swift */,
				3E5FEB4424D8EBC300C238E5 /* SceneDelegate.swift */,
				3E5FEB4624D8EBC300C238E5 /* ViewController.swift */,
				3E5FEB4824D8EBC300C238E5 /* Main.storyboard */,
				3E5FEB6824D8F2E000C238E5 /* Bundle+ParsingJSON.swift */,
				3E5FEB5624D8EBFC00C238E5 /* presidents.json */,
				3E5FEB5824D8EC7B00C238E5 /* President.swift */,
				3E5FEB4B24D8EBC600C238E5 /* Assets.xcassets */,
				3E5FEB4D24D8EBC600C238E5 /* LaunchScreen.storyboard */,
				3E5FEB5024D8EBC600C238E5 /* Info.plist */,
			);
			path = "Parsing-JSON-Using-Bundle";
			sourceTree = "<group>";
		};
		3E5FEB5F24D8EDEE00C238E5 /* Parsing-JSON-Using-BundleTests */ = {
			isa = PBXGroup;
			children = (
				3E5FEB6024D8EDEE00C238E5 /* Parsing_JSON_Using_BundleTests.swift */,
				3E5FEB6224D8EDEE00C238E5 /* Info.plist */,
			);
			path = "Parsing-JSON-Using-BundleTests";
			sourceTree = "<group>";
		};
/* End PBXGroup section */

/* Begin PBXNativeTarget section */
		3E5FEB3E24D8EBC300C238E5 /* Parsing-JSON-Using-Bundle */ = {
			isa = PBXNativeTarget;
			buildConfigurationList = 3E5FEB5324D8EBC600C238E5 /* Build configuration list for PBXNativeTarget "Parsing-JSON-Using-Bundle" */;
			buildPhases = (
				3E5FEB3B24D8EBC300C238E5 /* Sources */,
				3E5FEB3C24D8EBC300C238E5 /* Frameworks */,
				3E5FEB3D24D8EBC300C238E5 /* Resources */,
			);
			buildRules = (
			);
			dependencies = (
			);
			name = "Parsing-JSON-Using-Bundle";
			productName = "Parsing-JSON-Using-Bundle";
			productReference = 3E5FEB3F24D8EBC300C238E5 /* Parsing-JSON-Using-Bundle.app */;
			productType = "com.apple.product-type.application";
		};
		3E5FEB5D24D8EDED00C238E5 /* Parsing-JSON-Using-BundleTests */ = {
			isa = PBXNativeTarget;
			buildConfigurationList = 3E5FEB6524D8EDEE00C238E5 /* Build configuration list for PBXNativeTarget "Parsing-JSON-Using-BundleTests" */;
			buildPhases = (
				3E5FEB5A24D8EDED00C238E5 /* Sources */,
				3E5FEB5B24D8EDED00C238E5 /* Frameworks */,
				3E5FEB5C24D8EDED00C238E5 /* Resources */,
			);
			buildRules = (
			);
			dependencies = (
				3E5FEB6424D8EDEE00C238E5 /* PBXTargetDependency */,
			);
			name = "Parsing-JSON-Using-BundleTests";
			productName = "Parsing-JSON-Using-BundleTests";
			productReference = 3E5FEB5E24D8EDED00C238E5 /* Parsing-JSON-Using-BundleTests.xctest */;
			productType = "com.apple.product-type.bundle.unit-test";
		};
/* End PBXNativeTarget section */

/* Begin PBXProject section */
		3E5FEB3724D8EBC200C238E5 /* Project object */ = {
			isa = PBXProject;
			attributes = {
				LastSwiftUpdateCheck = 1160;
				LastUpgradeCheck = 1160;
				ORGANIZATIONNAME = "Juan Ceballos";
				TargetAttributes = {
					3E5FEB3E24D8EBC300C238E5 = {
						CreatedOnToolsVersion = 11.6;
					};
					3E5FEB5D24D8EDED00C238E5 = {
						CreatedOnToolsVersion = 11.6;
						TestTargetID = 3E5FEB3E24D8EBC300C238E5;
					};
				};
			};
			buildConfigurationList = 3E5FEB3A24D8EBC200C238E5 /* Build configuration list for PBXProject "Parsing-JSON-Using-Bundle" */;
			compatibilityVersion = "Xcode 9.3";
			developmentRegion = en;
			hasScannedForEncodings = 0;
			knownRegions = (
				en,
				Base,
			);
			mainGroup = 3E5FEB3624D8EBC200C238E5;
			productRefGroup = 3E5FEB4024D8EBC300C238E5 /* Products */;
			projectDirPath = "";
			projectRoot = "";
			targets = (
				3E5FEB3E24D8EBC300C238E5 /* Parsing-JSON-Using-Bundle */,
				3E5FEB5D24D8EDED00C238E5 /* Parsing-JSON-Using-BundleTests */,
			);
		};
/* End PBXProject section */

/* Begin PBXResourcesBuildPhase section */
		3E5FEB3D24D8EBC300C238E5 /* Resources */ = {
			isa = PBXResourcesBuildPhase;
			buildActionMask = 2147483647;
			files = (
				3E5FEB5724D8EBFC00C238E5 /* presidents.json in Resources */,
				3E5FEB4F24D8EBC600C238E5 /* LaunchScreen.storyboard in Resources */,
				3E5FEB4C24D8EBC600C238E5 /* Assets.xcassets in Resources */,
				3E5FEB4A24D8EBC300C238E5 /* Main.storyboard in Resources */,
			);
			runOnlyForDeploymentPostprocessing = 0;
		};
		3E5FEB5C24D8EDED00C238E5 /* Resources */ = {
			isa = PBXResourcesBuildPhase;
			buildActionMask = 2147483647;
			files = (
			);
			runOnlyForDeploymentPostprocessing = 0;
		};
/* End PBXResourcesBuildPhase section */

/* Begin PBXSourcesBuildPhase section */
		3E5FEB3B24D8EBC300C238E5 /* Sources */ = {
			isa = PBXSourcesBuildPhase;
			buildActionMask = 2147483647;
			files = (
				3E5FEB6924D8F2E000C238E5 /* Bundle+ParsingJSON.swift in Sources */,
				3E5FEB5924D8EC7B00C238E5 /* President.swift in Sources */,
				3E5FEB4724D8EBC300C238E5 /* ViewController.swift in Sources */,
				3E5FEB4324D8EBC300C238E5 /* AppDelegate.swift in Sources */,
				3E5FEB4524D8EBC300C238E5 /* SceneDelegate.swift in Sources */,
			);
			runOnlyForDeploymentPostprocessing = 0;
		};
		3E5FEB5A24D8EDED00C238E5 /* Sources */ = {
			isa = PBXSourcesBuildPhase;
			buildActionMask = 2147483647;
			files = (
				3E5FEB6124D8EDEE00C238E5 /* Parsing_JSON_Using_BundleTests.swift in Sources */,
			);
			runOnlyForDeploymentPostprocessing = 0;
		};
/* End PBXSourcesBuildPhase section */

/* Begin PBXTargetDependency section */
		3E5FEB6424D8EDEE00C238E5 /* PBXTargetDependency */ = {
			isa = PBXTargetDependency;
			target = 3E5FEB3E24D8EBC300C238E5 /* Parsing-JSON-Using-Bundle */;
			targetProxy = 3E5FEB6324D8EDEE00C238E5 /* PBXContainerItemProxy */;
		};
/* End PBXTargetDependency section */

/* Begin PBXVariantGroup section */
		3E5FEB4824D8EBC300C238E5 /* Main.storyboard */ = {
			isa = PBXVariantGroup;
			children = (
				3E5FEB4924D8EBC300C238E5 /* Base */,
			);
			name = Main.storyboard;
			sourceTree = "<group>";
		};
		3E5FEB4D24D8EBC600C238E5 /* LaunchScreen.storyboard */ = {
			isa = PBXVariantGroup;
			children = (
				3E5FEB4E24D8EBC600C238E5 /* Base */,
			);
			name = LaunchScreen.storyboard;
			sourceTree = "<group>";
		};
/* End PBXVariantGroup section */

/* Begin XCBuildConfiguration section */
		3E5FEB5124D8EBC600C238E5 /* Debug */ = {
			isa = XCBuildConfiguration;
			buildSettings = {
				ALWAYS_SEARCH_USER_PATHS = NO;
				CLANG_ANALYZER_NONNULL = YES;
				CLANG_ANALYZER_NUMBER_OBJECT_CONVERSION = YES_AGGRESSIVE;
				CLANG_CXX_LANGUAGE_STANDARD = "gnu++14";
				CLANG_CXX_LIBRARY = "libc++";
				CLANG_ENABLE_MODULES = YES;
				CLANG_ENABLE_OBJC_ARC = YES;
				CLANG_ENABLE_OBJC_WEAK = YES;
				CLANG_WARN_BLOCK_CAPTURE_AUTORELEASING = YES;
				CLANG_WARN_BOOL_CONVERSION = YES;
				CLANG_WARN_COMMA = YES;
				CLANG_WARN_CONSTANT_CONVERSION = YES;
				CLANG_WARN_DEPRECATED_OBJC_IMPLEMENTATIONS = YES;
				CLANG_WARN_DIRECT_OBJC_ISA_USAGE = YES_ERROR;
				CLANG_WARN_DOCUMENTATION_COMMENTS = YES;
				CLANG_WARN_EMPTY_BODY = YES;
				CLANG_WARN_ENUM_CONVERSION = YES;
				CLANG_WARN_INFINITE_RECURSION = YES;
				CLANG_WARN_INT_CONVERSION = YES;
				CLANG_WARN_NON_LITERAL_NULL_CONVERSION = YES;
				CLANG_WARN_OBJC_IMPLICIT_RETAIN_SELF = YES;
				CLANG_WARN_OBJC_LITERAL_CONVERSION = YES;
				CLANG_WARN_OBJC_ROOT_CLASS = YES_ERROR;
				CLANG_WARN_RANGE_LOOP_ANALYSIS = YES;
				CLANG_WARN_STRICT_PROTOTYPES = YES;
				CLANG_WARN_SUSPICIOUS_MOVE = YES;
				CLANG_WARN_UNGUARDED_AVAILABILITY = YES_AGGRESSIVE;
				CLANG_WARN_UNREACHABLE_CODE = YES;
				CLANG_WARN__DUPLICATE_METHOD_MATCH = YES;
				COPY_PHASE_STRIP = NO;
				DEBUG_INFORMATION_FORMAT = dwarf;
				ENABLE_STRICT_OBJC_MSGSEND = YES;
				ENABLE_TESTABILITY = YES;
				GCC_C_LANGUAGE_STANDARD = gnu11;
				GCC_DYNAMIC_NO_PIC = NO;
				GCC_NO_COMMON_BLOCKS = YES;
				GCC_OPTIMIZATION_LEVEL = 0;
				GCC_PREPROCESSOR_DEFINITIONS = (
					"DEBUG=1",
					"$(inherited)",
				);
				GCC_WARN_64_TO_32_BIT_CONVERSION = YES;
				GCC_WARN_ABOUT_RETURN_TYPE = YES_ERROR;
				GCC_WARN_UNDECLARED_SELECTOR = YES;
				GCC_WARN_UNINITIALIZED_AUTOS = YES_AGGRESSIVE;
				GCC_WARN_UNUSED_FUNCTION = YES;
				GCC_WARN_UNUSED_VARIABLE = YES;
				IPHONEOS_DEPLOYMENT_TARGET = 13.6;
				MTL_ENABLE_DEBUG_INFO = INCLUDE_SOURCE;
				MTL_FAST_MATH = YES;
				ONLY_ACTIVE_ARCH = YES;
				SDKROOT = iphoneos;
				SWIFT_ACTIVE_COMPILATION_CONDITIONS = DEBUG;
				SWIFT_OPTIMIZATION_LEVEL = "-Onone";
			};
			name = Debug;
		};
		3E5FEB5224D8EBC600C238E5 /* Release */ = {
			isa = XCBuildConfiguration;
			buildSettings = {
				ALWAYS_SEARCH_USER_PATHS = NO;
				CLANG_ANALYZER_NONNULL = YES;
				CLANG_ANALYZER_NUMBER_OBJECT_CONVERSION = YES_AGGRESSIVE;
				CLANG_CXX_LANGUAGE_STANDARD = "gnu++14";
				CLANG_CXX_LIBRARY = "libc++";
				CLANG_ENABLE_MODULES = YES;
				CLANG_ENABLE_OBJC_ARC = YES;
				CLANG_ENABLE_OBJC_WEAK = YES;
				CLANG_WARN_BLOCK_CAPTURE_AUTORELEASING = YES;
				CLANG_WARN_BOOL_CONVERSION = YES;
				CLANG_WARN_COMMA = YES;
				CLANG_WARN_CONSTANT_CONVERSION = YES;
				CLANG_WARN_DEPRECATED_OBJC_IMPLEMENTATIONS = YES;
				CLANG_WARN_DIRECT_OBJC_ISA_USAGE = YES_ERROR;
				CLANG_WARN_DOCUMENTATION_COMMENTS = YES;
				CLANG_WARN_EMPTY_BODY = YES;
				CLANG_WARN_ENUM_CONVERSION = YES;
				CLANG_WARN_INFINITE_RECURSION = YES;
				CLANG_WARN_INT_CONVERSION = YES;
				CLANG_WARN_NON_LITERAL_NULL_CONVERSION = YES;
				CLANG_WARN_OBJC_IMPLICIT_RETAIN_SELF = YES;
				CLANG_WARN_OBJC_LITERAL_CONVERSION = YES;
				CLANG_WARN_OBJC_ROOT_CLASS = YES_ERROR;
				CLANG_WARN_RANGE_LOOP_ANALYSIS = YES;
				CLANG_WARN_STRICT_PROTOTYPES = YES;
				CLANG_WARN_SUSPICIOUS_MOVE = YES;
				CLANG_WARN_UNGUARDED_AVAILABILITY = YES_AGGRESSIVE;
				CLANG_WARN_UNREACHABLE_CODE = YES;
				CLANG_WARN__DUPLICATE_METHOD_MATCH = YES;
				COPY_PHASE_STRIP = NO;
				DEBUG_INFORMATION_FORMAT = "dwarf-with-dsym";
				ENABLE_NS_ASSERTIONS = NO;
				ENABLE_STRICT_OBJC_MSGSEND = YES;
				GCC_C_LANGUAGE_STANDARD = gnu11;
				GCC_NO_COMMON_BLOCKS = YES;
				GCC_WARN_64_TO_32_BIT_CONVERSION = YES;
				GCC_WARN_ABOUT_RETURN_TYPE = YES_ERROR;
				GCC_WARN_UNDECLARED_SELECTOR = YES;
				GCC_WARN_UNINITIALIZED_AUTOS = YES_AGGRESSIVE;
				GCC_WARN_UNUSED_FUNCTION = YES;
				GCC_WARN_UNUSED_VARIABLE = YES;
				IPHONEOS_DEPLOYMENT_TARGET = 13.6;
				MTL_ENABLE_DEBUG_INFO = NO;
				MTL_FAST_MATH = YES;
				SDKROOT = iphoneos;
				SWIFT_COMPILATION_MODE = wholemodule;
				SWIFT_OPTIMIZATION_LEVEL = "-O";
				VALIDATE_PRODUCT = YES;
			};
			name = Release;
		};
		3E5FEB5424D8EBC600C238E5 /* Debug */ = {
			isa = XCBuildConfiguration;
			buildSettings = {
				ASSETCATALOG_COMPILER_APPICON_NAME = AppIcon;
				CODE_SIGN_STYLE = Automatic;
				DEVELOPMENT_TEAM = 6UA5RNM528;
				INFOPLIST_FILE = "Parsing-JSON-Using-Bundle/Info.plist";
				LD_RUNPATH_SEARCH_PATHS = (
					"$(inherited)",
					"@executable_path/Frameworks",
				);
				PRODUCT_BUNDLE_IDENTIFIER = "org.pursuit.Parsing-JSON-Using-Bundle";
				PRODUCT_NAME = "$(TARGET_NAME)";
				SWIFT_VERSION = 5.0;
				TARGETED_DEVICE_FAMILY = "1,2";
			};
			name = Debug;
		};
		3E5FEB5524D8EBC600C238E5 /* Release */ = {
			isa = XCBuildConfiguration;
			buildSettings = {
				ASSETCATALOG_COMPILER_APPICON_NAME = AppIcon;
				CODE_SIGN_STYLE = Automatic;
				DEVELOPMENT_TEAM = 6UA5RNM528;
				INFOPLIST_FILE = "Parsing-JSON-Using-Bundle/Info.plist";
				LD_RUNPATH_SEARCH_PATHS = (
					"$(inherited)",
					"@executable_path/Frameworks",
				);
				PRODUCT_BUNDLE_IDENTIFIER = "org.pursuit.Parsing-JSON-Using-Bundle";
				PRODUCT_NAME = "$(TARGET_NAME)";
				SWIFT_VERSION = 5.0;
				TARGETED_DEVICE_FAMILY = "1,2";
			};
			name = Release;
		};
		3E5FEB6624D8EDEE00C238E5 /* Debug */ = {
			isa = XCBuildConfiguration;
			buildSettings = {
				BUNDLE_LOADER = "$(TEST_HOST)";
				CODE_SIGN_STYLE = Automatic;
				DEVELOPMENT_TEAM = 6UA5RNM528;
				INFOPLIST_FILE = "Parsing-JSON-Using-BundleTests/Info.plist";
				LD_RUNPATH_SEARCH_PATHS = (
					"$(inherited)",
					"@executable_path/Frameworks",
					"@loader_path/Frameworks",
				);
				PRODUCT_BUNDLE_IDENTIFIER = "org.pursuit.Parsing-JSON-Using-BundleTests";
				PRODUCT_NAME = "$(TARGET_NAME)";
				SWIFT_VERSION = 5.0;
				TARGETED_DEVICE_FAMILY = "1,2";
				TEST_HOST = "$(BUILT_PRODUCTS_DIR)/Parsing-JSON-Using-Bundle.app/Parsing-JSON-Using-Bundle";
			};
			name = Debug;
		};
		3E5FEB6724D8EDEE00C238E5 /* Release */ = {
			isa = XCBuildConfiguration;
			buildSettings = {
				BUNDLE_LOADER = "$(TEST_HOST)";
				CODE_SIGN_STYLE = Automatic;
				DEVELOPMENT_TEAM = 6UA5RNM528;
				INFOPLIST_FILE = "Parsing-JSON-Using-BundleTests/Info.plist";
				LD_RUNPATH_SEARCH_PATHS = (
					"$(inherited)",
					"@executable_path/Frameworks",
					"@loader_path/Frameworks",
				);
				PRODUCT_BUNDLE_IDENTIFIER = "org.pursuit.Parsing-JSON-Using-BundleTests";
				PRODUCT_NAME = "$(TARGET_NAME)";
				SWIFT_VERSION = 5.0;
				TARGETED_DEVICE_FAMILY = "1,2";
				TEST_HOST = "$(BUILT_PRODUCTS_DIR)/Parsing-JSON-Using-Bundle.app/Parsing-JSON-Using-Bundle";
			};
			name = Release;
		};
/* End XCBuildConfiguration section */

/* Begin XCConfigurationList section */
		3E5FEB3A24D8EBC200C238E5 /* Build configuration list for PBXProject "Parsing-JSON-Using-Bundle" */ = {
			isa = XCConfigurationList;
			buildConfigurations = (
				3E5FEB5124D8EBC600C238E5 /* Debug */,
				3E5FEB5224D8EBC600C238E5 /* Release */,
			);
			defaultConfigurationIsVisible = 0;
			defaultConfigurationName = Release;
		};
		3E5FEB5324D8EBC600C238E5 /* Build configuration list for PBXNativeTarget "Parsing-JSON-Using-Bundle" */ = {
			isa = XCConfigurationList;
			buildConfigurations = (
				3E5FEB5424D8EBC600C238E5 /* Debug */,
				3E5FEB5524D8EBC600C238E5 /* Release */,
			);
			defaultConfigurationIsVisible = 0;
			defaultConfigurationName = Release;
		};
		3E5FEB6524D8EDEE00C238E5 /* Build configuration list for PBXNativeTarget "Parsing-JSON-Using-BundleTests" */ = {
			isa = XCConfigurationList;
			buildConfigurations = (
				3E5FEB6624D8EDEE00C238E5 /* Debug */,
				3E5FEB6724D8EDEE00C238E5 /* Release */,
			);
			defaultConfigurationIsVisible = 0;
			defaultConfigurationName = Release;
		};
/* End XCConfigurationList section */
	};
	rootObject = 3E5FEB3724D8EBC200C238E5 /* Project object */;
}
